
Microsoft Visual Studio Solution File, Format Version 12.00
# Visual Studio Version 17
VisualStudioVersion = 17.0.31521.260
MinimumVisualStudioVersion = 10.0.40219.1
Project("{FAE04EC0-301F-11D3-BF4B-00C04F79EFBC}") = "EmailScraping", "EmailScraping.csproj", "{785ABE0D-27A3-4821-98AE-3C4EF405625F}"
EndProject
Project("{FAE04EC0-301F-11D3-BF4B-00C04F79EFBC}") = "DataScraping.WinForms", "..\DataScraping.WinForms\DataScraping.WinForms.csproj", "{F2FD63A4-C35C-44E5-AD1C-703BCD59A332}"
EndProject
Global
	GlobalSection(SolutionConfigurationPlatforms) = preSolution
		Debug|Any CPU = Debug|Any CPU
		Release|Any CPU = Release|Any CPU
	EndGlobalSection
	GlobalSection(ProjectConfigurationPlatforms) = postSolution
		{785ABE0D-27A3-4821-98AE-3C4EF405625F}.Debug|Any CPU.ActiveCfg = Debug|Any CPU
		{785ABE0D-27A3-4821-98AE-3C4EF405625F}.Debug|Any CPU.Build.0 = Debug|Any CPU
		{785ABE0D-27A3-4821-98AE-3C4EF405625F}.Release|Any CPU.ActiveCfg = Release|Any CPU
		{785ABE0D-27A3-4821-98AE-3C4EF405625F}.Release|Any CPU.Build.0 = Release|Any CPU
		{F2FD63A4-C35C-44E5-AD1C-703BCD59A332}.Debug|Any CPU.ActiveCfg = Debug|Any CPU
		{F2FD63A4-C35C-44E5-AD1C-703BCD59A332}.Debug|Any CPU.Build.0 = Debug|Any CPU
		{F2FD63A4-C35C-44E5-AD1C-703BCD59A332}.Release|Any CPU.ActiveCfg = Release|Any CPU
		{F2FD63A4-C35C-44E5-AD1C-703BCD59A332}.Release|Any CPU.Build.0 = Release|Any CPU
	EndGlobalSection
	GlobalSection(SolutionProperties) = preSolution
		HideSolutionNode = FALSE
	EndGlobalSection
	GlobalSection(ExtensibilityGlobals) = postSolution
		SolutionGuid = {A47F3E54-5578-4591-9481-9E385CD8816C}
	EndGlobalSection
EndGlobal
